// !$*UTF8*$!
{
	archiveVersion = 1;
	classes = {
	};
	objectVersion = 48;
	objects = {

/* Begin PBXBuildFile section */
		188E637C1FFDDB210032D66F /* AppDelegate.m in Sources */ = {isa = PBXBuildFile; fileRef = 188E637B1FFDDB210032D66F /* AppDelegate.m */; };
		188E637F1FFDDB210032D66F /* ViewController.m in Sources */ = {isa = PBXBuildFile; fileRef = 188E637E1FFDDB210032D66F /* ViewController.m */; };
		188E63821FFDDB210032D66F /* Main.storyboard in Resources */ = {isa = PBXBuildFile; fileRef = 188E63801FFDDB210032D66F /* Main.storyboard */; };
		188E63851FFDDB210032D66F /* UItableview.xcdatamodeld in Sources */ = {isa = PBXBuildFile; fileRef = 188E63831FFDDB210032D66F /* UItableview.xcdatamodeld */; };
		188E63871FFDDB210032D66F /* Assets.xcassets in Resources */ = {isa = PBXBuildFile; fileRef = 188E63861FFDDB210032D66F /* Assets.xcassets */; };
		188E638A1FFDDB210032D66F /* LaunchScreen.storyboard in Resources */ = {isa = PBXBuildFile; fileRef = 188E63881FFDDB210032D66F /* LaunchScreen.storyboard */; };
		188E638D1FFDDB210032D66F /* main.m in Sources */ = {isa = PBXBuildFile; fileRef = 188E638C1FFDDB210032D66F /* main.m */; };
/* End PBXBuildFile section */

/* Begin PBXFileReference section */
		188E63771FFDDB200032D66F /* UItableview.app */ = {isa = PBXFileReference; explicitFileType = wrapper.application; includeInIndex = 0; path = UItableview.app; sourceTree = BUILT_PRODUCTS_DIR; };
		188E637A1FFDDB210032D66F /* AppDelegate.h */ = {isa = PBXFileReference; lastKnownFileType = sourcecode.c.h; path = AppDelegate.h; sourceTree = "<group>"; };
		188E637B1FFDDB210032D66F /* AppDelegate.m */ = {isa = PBXFileReference; lastKnownFileType = sourcecode.c.objc; path = AppDelegate.m; sourceTree = "<group>"; };
		188E637D1FFDDB210032D66F /* ViewController.h */ = {isa = PBXFileReference; lastKnownFileType = sourcecode.c.h; path = ViewController.h; sourceTree = "<group>"; };
		188E637E1FFDDB210032D66F /* ViewController.m */ = {isa = PBXFileReference; lastKnownFileType = sourcecode.c.objc; path = ViewController.m; sourceTree = "<group>"; };
		188E63811FFDDB210032D66F /* Base */ = {isa = PBXFileReference; lastKnownFileType = file.storyboard; name = Base; path = Base.lproj/Main.storyboard; sourceTree = "<group>"; };
		188E63841FFDDB210032D66F /* UItableview.xcdatamodel */ = {isa = PBXFileReference; lastKnownFileType = wrapper.xcdatamodel; path = UItableview.xcdatamodel; sourceTree = "<group>"; };
		188E63861FFDDB210032D66F /* Assets.xcassets */ = {isa = PBXFileReference; lastKnownFileType = folder.assetcatalog; path = Assets.xcassets; sourceTree = "<group>"; };
		188E63891FFDDB210032D66F /* Base */ = {isa = PBXFileReference; lastKnownFileType = file.storyboard; name = Base; path = Base.lproj/LaunchScreen.storyboard; sourceTree = "<group>"; };
		188E638B1FFDDB210032D66F /* Info.plist */ = {isa = PBXFileReference; lastKnownFileType = text.plist.xml; path = Info.plist; sourceTree = "<group>"; };
		188E638C1FFDDB210032D66F /* main.m */ = {isa = PBXFileReference; lastKnownFileType = sourcecode.c.objc; path = main.m; sourceTree = "<group>"; };
/* End PBXFileReference section */

/* Begin PBXFrameworksBuildPhase section */
		188E63741FFDDB200032D66F /* Frameworks */ = {
			isa = PBXFrameworksBuildPhase;
			buildActionMask = 2147483647;
			files = (
			);
			runOnlyForDeploymentPostprocessing = 0;
		};
/* End PBXFrameworksBuildPhase section */

/* Begin PBXGroup section */
		188E636E1FFDDB200032D66F = {
			isa = PBXGroup;
			children = (
				188E63791FFDDB200032D66F /* UItableview */,
				188E63781FFDDB200032D66F /* Products */,
			);
			sourceTree = "<group>";
		};
		188E63781FFDDB200032D66F /* Products */ = {
			isa = PBXGroup;
			children = (
				188E63771FFDDB200032D66F /* UItableview.app */,
			);
			name = Products;
			sourceTree = "<group>";
		};
		188E63791FFDDB200032D66F /* UItableview */ = {
			isa = PBXGroup;
			children = (
				188E637A1FFDDB210032D66F /* AppDelegate.h */,
				188E637B1FFDDB210032D66F /* AppDelegate.m */,
				188E637D1FFDDB210032D66F /* ViewController.h */,
				188E637E1FFDDB210032D66F /* ViewController.m */,
				188E63801FFDDB210032D66F /* Main.storyboard */,
				188E63861FFDDB210032D66F /* Assets.xcassets */,
				188E63881FFDDB210032D66F /* LaunchScreen.storyboard */,
				188E638B1FFDDB210032D66F /* Info.plist */,
				188E638C1FFDDB210032D66F /* main.m */,
				188E63831FFDDB210032D66F /* UItableview.xcdatamodeld */,
			);
			path = UItableview;
			sourceTree = "<group>";
		};
/* End PBXGroup section */

/* Begin PBXNativeTarget section */
		188E63761FFDDB200032D66F /* UItableview */ = {
			isa = PBXNativeTarget;
			buildConfigurationList = 188E63901FFDDB210032D66F /* Build configuration list for PBXNativeTarget "UItableview" */;
			buildPhases = (
				188E63731FFDDB200032D66F /* Sources */,
				188E63741FFDDB200032D66F /* Frameworks */,
				188E63751FFDDB200032D66F /* Resources */,
			);
			buildRules = (
			);
			dependencies = (
			);
			name = UItableview;
			productName = UItableview;
			productReference = 188E63771FFDDB200032D66F /* UItableview.app */;
			productType = "com.apple.product-type.application";
		};
/* End PBXNativeTarget section */

/* Begin PBXProject section */
		188E636F1FFDDB200032D66F /* Project object */ = {
			isa = PBXProject;
			attributes = {
				LastUpgradeCheck = 0910;
				ORGANIZATIONNAME = listview;
				TargetAttributes = {
					188E63761FFDDB200032D66F = {
						CreatedOnToolsVersion = 9.1;
						ProvisioningStyle = Automatic;
					};
				};
			};
			buildConfigurationList = 188E63721FFDDB200032D66F /* Build configuration list for PBXProject "UItableview" */;
			compatibilityVersion = "Xcode 8.0";
			developmentRegion = en;
			hasScannedForEncodings = 0;
			knownRegions = (
				en,
				Base,
			);
			mainGroup = 188E636E1FFDDB200032D66F;
			productRefGroup = 188E63781FFDDB200032D66F /* Products */;
			projectDirPath = "";
			projectRoot = "";
			targets = (
				188E63761FFDDB200032D66F /* UItableview */,
			);
		};
/* End PBXProject section */

/* Begin PBXResourcesBuildPhase section */
		188E63751FFDDB200032D66F /* Resources */ = {
			isa = PBXResourcesBuildPhase;
			buildActionMask = 2147483647;
			files = (
				188E638A1FFDDB210032D66F /* LaunchScreen.storyboard in Resources */,
				188E63871FFDDB210032D66F /* Assets.xcassets in Resources */,
				188E63821FFDDB210032D66F /* Main.storyboard in Resources */,
			);
			runOnlyForDeploymentPostprocessing = 0;
		};
/* End PBXResourcesBuildPhase section */

/* Begin PBXSourcesBuildPhase section */
		188E63731FFDDB200032D66F /* Sources */ = {
			isa = PBXSourcesBuildPhase;
			buildActionMask = 2147483647;
			files = (
				188E63851FFDDB210032D66F /* UItableview.xcdatamodeld in Sources */,
				188E637F1FFDDB210032D66F /* ViewController.m in Sources */,
				188E638D1FFDDB210032D66F /* main.m in Sources */,
				188E637C1FFDDB210032D66F /* AppDelegate.m in Sources */,
			);
			runOnlyForDeploymentPostprocessing = 0;
		};
/* End PBXSourcesBuildPhase section */

/* Begin PBXVariantGroup section */
		188E63801FFDDB210032D66F /* Main.storyboard */ = {
			isa = PBXVariantGroup;
			children = (
				188E63811FFDDB210032D66F /* Base */,
			);
			name = Main.storyboard;
			sourceTree = "<group>";
		};
		188E63881FFDDB210032D66F /* LaunchScreen.storyboard */ = {
			isa = PBXVariantGroup;
			children = (
				188E63891FFDDB210032D66F /* Base */,
			);
			name = LaunchScreen.storyboard;
			sourceTree = "<group>";
		};
/* End PBXVariantGroup section */

/* Begin XCBuildConfiguration section */
		188E638E1FFDDB210032D66F /* Debug */ = {
			isa = XCBuildConfiguration;
			buildSettings = {
				ALWAYS_SEARCH_USER_PATHS = NO;
				CLANG_ANALYZER_NONNULL = YES;
				CLANG_ANALYZER_NUMBER_OBJECT_CONVERSION = YES_AGGRESSIVE;
				CLANG_CXX_LANGUAGE_STANDARD = "gnu++14";
				CLANG_CXX_LIBRARY = "libc++";
				CLANG_ENABLE_MODULES = YES;
				CLANG_ENABLE_OBJC_ARC = YES;
				CLANG_WARN_BLOCK_CAPTURE_AUTORELEASING = YES;
				CLANG_WARN_BOOL_CONVERSION = YES;
				CLANG_WARN_COMMA = YES;
				CLANG_WARN_CONSTANT_CONVERSION = YES;
				CLANG_WARN_DIRECT_OBJC_ISA_USAGE = YES_ERROR;
				CLANG_WARN_DOCUMENTATION_COMMENTS = YES;
				CLANG_WARN_EMPTY_BODY = YES;
				CLANG_WARN_ENUM_CONVERSION = YES;
				CLANG_WARN_INFINITE_RECURSION = YES;
				CLANG_WARN_INT_CONVERSION = YES;
				CLANG_WARN_NON_LITERAL_NULL_CONVERSION = YES;
				CLANG_WARN_OBJC_LITERAL_CONVERSION = YES;
				CLANG_WARN_OBJC_ROOT_CLASS = YES_ERROR;
				CLANG_WARN_RANGE_LOOP_ANALYSIS = YES;
				CLANG_WARN_STRICT_PROTOTYPES = YES;
				CLANG_WARN_SUSPICIOUS_MOVE = YES;
				CLANG_WARN_UNGUARDED_AVAILABILITY = YES_AGGRESSIVE;
				CLANG_WARN_UNREACHABLE_CODE = YES;
				CLANG_WARN__DUPLICATE_METHOD_MATCH = YES;
				CODE_SIGN_IDENTITY = "iPhone Developer";
				COPY_PHASE_STRIP = NO;
				DEBUG_INFORMATION_FORMAT = dwarf;
				ENABLE_STRICT_OBJC_MSGSEND = YES;
				ENABLE_TESTABILITY = YES;
				GCC_C_LANGUAGE_STANDARD = gnu11;
				GCC_DYNAMIC_NO_PIC = NO;
				GCC_NO_COMMON_BLOCKS = YES;
				GCC_OPTIMIZATION_LEVEL = 0;
				GCC_PREPROCESSOR_DEFINITIONS = (
					"DEBUG=1",
					"$(inherited)",
				);
				GCC_WARN_64_TO_32_BIT_CONVERSION = YES;
				GCC_WARN_ABOUT_RETURN_TYPE = YES_ERROR;
				GCC_WARN_UNDECLARED_SELECTOR = YES;
				GCC_WARN_UNINITIALIZED_AUTOS = YES_AGGRESSIVE;
				GCC_WARN_UNUSED_FUNCTION = YES;
				GCC_WARN_UNUSED_VARIABLE = YES;
				IPHONEOS_DEPLOYMENT_TARGET = 11.1;
				MTL_ENABLE_DEBUG_INFO = YES;
				ONLY_ACTIVE_ARCH = YES;
				SDKROOT = iphoneos;
			};
			name = Debug;
		};
		188E638F1FFDDB210032D66F /* Release */ = {
			isa = XCBuildConfiguration;
			buildSettings = {
				ALWAYS_SEARCH_USER_PATHS = NO;
				CLANG_ANALYZER_NONNULL = YES;
				CLANG_ANALYZER_NUMBER_OBJECT_CONVERSION = YES_AGGRESSIVE;
				CLANG_CXX_LANGUAGE_STANDARD = "gnu++14";
				CLANG_CXX_LIBRARY = "libc++";
				CLANG_ENABLE_MODULES = YES;
				CLANG_ENABLE_OBJC_ARC = YES;
				CLANG_WARN_BLOCK_CAPTURE_AUTORELEASING = YES;
				CLANG_WARN_BOOL_CONVERSION = YES;
				CLANG_WARN_COMMA = YES;
				CLANG_WARN_CONSTANT_CONVERSION = YES;
				CLANG_WARN_DIRECT_OBJC_ISA_USAGE = YES_ERROR;
				CLANG_WARN_DOCUMENTATION_COMMENTS = YES;
				CLANG_WARN_EMPTY_BODY = YES;
				CLANG_WARN_ENUM_CONVERSION = YES;
				CLANG_WARN_INFINITE_RECURSION = YES;
				CLANG_WARN_INT_CONVERSION = YES;
				CLANG_WARN_NON_LITERAL_NULL_CONVERSION = YES;
				CLANG_WARN_OBJC_LITERAL_CONVERSION = YES;
				CLANG_WARN_OBJC_ROOT_CLASS = YES_ERROR;
				CLANG_WARN_RANGE_LOOP_ANALYSIS = YES;
				CLANG_WARN_STRICT_PROTOTYPES = YES;
				CLANG_WARN_SUSPICIOUS_MOVE = YES;
				CLANG_WARN_UNGUARDED_AVAILABILITY = YES_AGGRESSIVE;
				CLANG_WARN_UNREACHABLE_CODE = YES;
				CLANG_WARN__DUPLICATE_METHOD_MATCH = YES;
				CODE_SIGN_IDENTITY = "iPhone Developer";
				COPY_PHASE_STRIP = NO;
				DEBUG_INFORMATION_FORMAT = "dwarf-with-dsym";
				ENABLE_NS_ASSERTIONS = NO;
				ENABLE_STRICT_OBJC_MSGSEND = YES;
				GCC_C_LANGUAGE_STANDARD = gnu11;
				GCC_NO_COMMON_BLOCKS = YES;
				GCC_WARN_64_TO_32_BIT_CONVERSION = YES;
				GCC_WARN_ABOUT_RETURN_TYPE = YES_ERROR;
				GCC_WARN_UNDECLARED_SELECTOR = YES;
				GCC_WARN_UNINITIALIZED_AUTOS = YES_AGGRESSIVE;
				GCC_WARN_UNUSED_FUNCTION = YES;
				GCC_WARN_UNUSED_VARIABLE = YES;
				IPHONEOS_DEPLOYMENT_TARGET = 11.1;
				MTL_ENABLE_DEBUG_INFO = NO;
				SDKROOT = iphoneos;
				VALIDATE_PRODUCT = YES;
			};
			name = Release;
		};
		188E63911FFDDB210032D66F /* Debug */ = {
			isa = XCBuildConfiguration;
			buildSettings = {
				ASSETCATALOG_COMPILER_APPICON_NAME = AppIcon;
				CODE_SIGN_STYLE = Automatic;
				DEVELOPMENT_TEAM = W46APUXBAT;
				INFOPLIST_FILE = UItableview/Info.plist;
				LD_RUNPATH_SEARCH_PATHS = "$(inherited) @executable_path/Frameworks";
				PRODUCT_BUNDLE_IDENTIFIER = com.demo.listview.UItableview;
				PRODUCT_NAME = "$(TARGET_NAME)";
				TARGETED_DEVICE_FAMILY = "1,2";
			};
			name = Debug;
		};
		188E63921FFDDB210032D66F /* Release */ = {
			isa = XCBuildConfiguration;
			buildSettings = {
				ASSETCATALOG_COMPILER_APPICON_NAME = AppIcon;
				CODE_SIGN_STYLE = Automatic;
				DEVELOPMENT_TEAM = W46APUXBAT;
				INFOPLIST_FILE = UItableview/Info.plist;
				LD_RUNPATH_SEARCH_PATHS = "$(inherited) @executable_path/Frameworks";
				PRODUCT_BUNDLE_IDENTIFIER = com.demo.listview.UItableview;
				PRODUCT_NAME = "$(TARGET_NAME)";
				TARGETED_DEVICE_FAMILY = "1,2";
			};
			name = Release;
		};
/* End XCBuildConfiguration section */

/* Begin XCConfigurationList section */
		188E63721FFDDB200032D66F /* Build configuration list for PBXProject "UItableview" */ = {
			isa = XCConfigurationList;
			buildConfigurations = (
				188E638E1FFDDB210032D66F /* Debug */,
				188E638F1FFDDB210032D66F /* Release */,
			);
			defaultConfigurationIsVisible = 0;
			defaultConfigurationName = Release;
		};
		188E63901FFDDB210032D66F /* Build configuration list for PBXNativeTarget "UItableview" */ = {
			isa = XCConfigurationList;
			buildConfigurations = (
				188E63911FFDDB210032D66F /* Debug */,
				188E63921FFDDB210032D66F /* Release */,
			);
			defaultConfigurationIsVisible = 0;
			defaultConfigurationName = Release;
		};
/* End XCConfigurationList section */

/* Begin XCVersionGroup section */
		188E63831FFDDB210032D66F /* UItableview.xcdatamodeld */ = {
			isa = XCVersionGroup;
			children = (
				188E63841FFDDB210032D66F /* UItableview.xcdatamodel */,
			);
			currentVersion = 188E63841FFDDB210032D66F /* UItableview.xcdatamodel */;
			path = UItableview.xcdatamodeld;
			sourceTree = "<group>";
			versionGroupType = wrapper.xcdatamodel;
		};
/* End XCVersionGroup section */
	};
	rootObject = 188E636F1FFDDB200032D66F /* Project object */;
}
